
Microsoft Visual Studio Solution File, Format Version 12.00
# Visual Studio Version 16
VisualStudioVersion = 16.0.31702.278
MinimumVisualStudioVersion = 10.0.40219.1
Project("{FAE04EC0-301F-11D3-BF4B-00C04F79EFBC}") = "Lab3_OOP2", "Lab3_OOP2.csproj", "{44660DE5-AAF0-4336-8190-1CCEDA00C948}"
EndProject
Project("{FAE04EC0-301F-11D3-BF4B-00C04F79EFBC}") = "SurfaceTests", "..\SurfaceTests\SurfaceTests.csproj", "{26819AED-9C17-4450-B226-20E94B1DA0C1}"
EndProject
Global
	GlobalSection(SolutionConfigurationPlatforms) = preSolution
		Debug|Any CPU = Debug|Any CPU
		Release|Any CPU = Release|Any CPU
	EndGlobalSection
	GlobalSection(ProjectConfigurationPlatforms) = postSolution
		{44660DE5-AAF0-4336-8190-1CCEDA00C948}.Debug|Any CPU.ActiveCfg = Debug|Any CPU
		{44660DE5-AAF0-4336-8190-1CCEDA00C948}.Debug|Any CPU.Build.0 = Debug|Any CPU
		{44660DE5-AAF0-4336-8190-1CCEDA00C948}.Release|Any CPU.ActiveCfg = Release|Any CPU
		{44660DE5-AAF0-4336-8190-1CCEDA00C948}.Release|Any CPU.Build.0 = Release|Any CPU
		{26819AED-9C17-4450-B226-20E94B1DA0C1}.Debug|Any CPU.ActiveCfg = Debug|Any CPU
		{26819AED-9C17-4450-B226-20E94B1DA0C1}.Debug|Any CPU.Build.0 = Debug|Any CPU
		{26819AED-9C17-4450-B226-20E94B1DA0C1}.Release|Any CPU.ActiveCfg = Release|Any CPU
		{26819AED-9C17-4450-B226-20E94B1DA0C1}.Release|Any CPU.Build.0 = Release|Any CPU
	EndGlobalSection
	GlobalSection(SolutionProperties) = preSolution
		HideSolutionNode = FALSE
	EndGlobalSection
	GlobalSection(ExtensibilityGlobals) = postSolution
		SolutionGuid = {8D40A5A6-11DD-45A4-A5FF-39D12F1D5716}
	EndGlobalSection
EndGlobal
